
Microsoft Visual Studio Solution File, Format Version 12.00
# Visual Studio 2012
Project("{FAE04EC0-301F-11D3-BF4B-00C04F79EFBC}") = "dot5", "dot5\dot5.csproj", "{0E060893-2690-4255-ABBA-E46D48614CF7}"
EndProject
Project("{FAE04EC0-301F-11D3-BF4B-00C04F79EFBC}") = "dot5-server", "dot5-server\dot5-server.csproj", "{BD3B881E-0080-4883-97D2-25066901C802}"
EndProject
Global
	GlobalSection(SolutionConfigurationPlatforms) = preSolution
		Debug|Any CPU = Debug|Any CPU
		Release|Any CPU = Release|Any CPU
	EndGlobalSection
	GlobalSection(ProjectConfigurationPlatforms) = postSolution
		{0E060893-2690-4255-ABBA-E46D48614CF7}.Debug|Any CPU.ActiveCfg = Debug|Any CPU
		{0E060893-2690-4255-ABBA-E46D48614CF7}.Debug|Any CPU.Build.0 = Debug|Any CPU
		{0E060893-2690-4255-ABBA-E46D48614CF7}.Release|Any CPU.ActiveCfg = Release|Any CPU
		{0E060893-2690-4255-ABBA-E46D48614CF7}.Release|Any CPU.Build.0 = Release|Any CPU
		{BD3B881E-0080-4883-97D2-25066901C802}.Debug|Any CPU.ActiveCfg = Debug|Any CPU
		{BD3B881E-0080-4883-97D2-25066901C802}.Debug|Any CPU.Build.0 = Debug|Any CPU
		{BD3B881E-0080-4883-97D2-25066901C802}.Release|Any CPU.ActiveCfg = Release|Any CPU
		{BD3B881E-0080-4883-97D2-25066901C802}.Release|Any CPU.Build.0 = Release|Any CPU
	EndGlobalSection
	GlobalSection(SolutionProperties) = preSolution
		HideSolutionNode = FALSE
	EndGlobalSection
EndGlobal
